
Microsoft Visual Studio Solution File, Format Version 12.00
# Visual Studio 15
VisualStudioVersion = 15.0.27428.2037
MinimumVisualStudioVersion = 10.0.40219.1
Project("{FAE04EC0-301F-11D3-BF4B-00C04F79EFBC}") = "ISEducons", "ISEducons\ISEducons.csproj", "{F10ACA3B-02C0-471F-9B49-46BD8C76C38F}"
EndProject
Global
	GlobalSection(SolutionConfigurationPlatforms) = preSolution
		Debug|Any CPU = Debug|Any CPU
		Release|Any CPU = Release|Any CPU
	EndGlobalSection
	GlobalSection(ProjectConfigurationPlatforms) = postSolution
		{F10ACA3B-02C0-471F-9B49-46BD8C76C38F}.Debug|Any CPU.ActiveCfg = Debug|Any CPU
		{F10ACA3B-02C0-471F-9B49-46BD8C76C38F}.Debug|Any CPU.Build.0 = Debug|Any CPU
		{F10ACA3B-02C0-471F-9B49-46BD8C76C38F}.Release|Any CPU.ActiveCfg = Release|Any CPU
		{F10ACA3B-02C0-471F-9B49-46BD8C76C38F}.Release|Any CPU.Build.0 = Release|Any CPU
	EndGlobalSection
	GlobalSection(SolutionProperties) = preSolution
		HideSolutionNode = FALSE
	EndGlobalSection
	GlobalSection(ExtensibilityGlobals) = postSolution
		SolutionGuid = {61DBF042-69BF-40F0-A705-85302BD938C9}
	EndGlobalSection
EndGlobal
